{
  "requires": true,
  "lockfileVersion": 1,
  "dependencies": {
    "tim-js-sdk": {
      "version": "2.9.3",
      "resolved": "https://registry.npm.taobao.org/tim-js-sdk/download/tim-js-sdk-2.9.3.tgz?cache=0&sync_timestamp=1612349034854&other_urls=https%3A%2F%2Fregistry.npm.taobao.org%2Ftim-js-sdk%2Fdownload%2Ftim-js-sdk-2.9.3.tgz",
      "integrity": "sha1-6+QinFwbq7JERt5dvf5uHJWP798="
    },
    "tim-upload-plugin": {
      "version": "1.0.1",
      "resolved": "https://registry.npm.taobao.org/tim-upload-plugin/download/tim-upload-plugin-1.0.1.tgz",
      "integrity": "sha1-T8DE+kpJFjFwdbZvuWPvS6hIOyc="
    }
  }
}
